// !$*UTF8*$!
{
	archiveVersion = 1;
	classes = {
	};
	objectVersion = 46;
	objects = {

/* Begin PBXBuildFile section */
		2E1734161922625A00E90138 /* CheckMate.framework in Frameworks */ = {isa = PBXBuildFile; fileRef = 2E1734151922625A00E90138 /* CheckMate.framework */; };
		8E2F0C6919218BB700F29652 /* Foundation.framework in Frameworks */ = {isa = PBXBuildFile; fileRef = 8E2F0C6819218BB700F29652 /* Foundation.framework */; };
		8E2F0C6B19218BB700F29652 /* CoreGraphics.framework in Frameworks */ = {isa = PBXBuildFile; fileRef = 8E2F0C6A19218BB700F29652 /* CoreGraphics.framework */; };
		8E2F0C6D19218BB700F29652 /* UIKit.framework in Frameworks */ = {isa = PBXBuildFile; fileRef = 8E2F0C6C19218BB700F29652 /* UIKit.framework */; };
		8E2F0C7319218BB700F29652 /* InfoPlist.strings in Resources */ = {isa = PBXBuildFile; fileRef = 8E2F0C7119218BB700F29652 /* InfoPlist.strings */; };
		8E2F0C7519218BB700F29652 /* main.m in Sources */ = {isa = PBXBuildFile; fileRef = 8E2F0C7419218BB700F29652 /* main.m */; };
		8E2F0C7919218BB700F29652 /* AppDelegate.m in Sources */ = {isa = PBXBuildFile; fileRef = 8E2F0C7819218BB700F29652 /* AppDelegate.m */; };
		8E2F0C7C19218BB700F29652 /* Main.storyboard in Resources */ = {isa = PBXBuildFile; fileRef = 8E2F0C7A19218BB700F29652 /* Main.storyboard */; };
		8E2F0C7F19218BB700F29652 /* ViewController.m in Sources */ = {isa = PBXBuildFile; fileRef = 8E2F0C7E19218BB700F29652 /* ViewController.m */; };
		8E2F0C8119218BB700F29652 /* Images.xcassets in Resources */ = {isa = PBXBuildFile; fileRef = 8E2F0C8019218BB700F29652 /* Images.xcassets */; };
		8E2F0C8819218BB700F29652 /* XCTest.framework in Frameworks */ = {isa = PBXBuildFile; fileRef = 8E2F0C8719218BB700F29652 /* XCTest.framework */; };
		8E2F0C8919218BB700F29652 /* Foundation.framework in Frameworks */ = {isa = PBXBuildFile; fileRef = 8E2F0C6819218BB700F29652 /* Foundation.framework */; };
		8E2F0C8A19218BB700F29652 /* UIKit.framework in Frameworks */ = {isa = PBXBuildFile; fileRef = 8E2F0C6C19218BB700F29652 /* UIKit.framework */; };
		8E2F0C9219218BB700F29652 /* InfoPlist.strings in Resources */ = {isa = PBXBuildFile; fileRef = 8E2F0C9019218BB700F29652 /* InfoPlist.strings */; };
		8E2F0C9419218BB700F29652 /* MultiplyTests.m in Sources */ = {isa = PBXBuildFile; fileRef = 8E2F0C9319218BB700F29652 /* MultiplyTests.m */; };
		8E2F0C9E19218C4700F29652 /* CheckMate.framework in Frameworks */ = {isa = PBXBuildFile; fileRef = 8E2F0C9D19218C4700F29652 /* CheckMate.framework */; };
/* End PBXBuildFile section */

/* Begin PBXContainerItemProxy section */
		8E2F0C8B19218BB700F29652 /* PBXContainerItemProxy */ = {
			isa = PBXContainerItemProxy;
			containerPortal = 8E2F0C5D19218BB600F29652 /* Project object */;
			proxyType = 1;
			remoteGlobalIDString = 8E2F0C6419218BB700F29652;
			remoteInfo = Multiply;
		};
/* End PBXContainerItemProxy section */

/* Begin PBXFileReference section */
		2E1734151922625A00E90138 /* CheckMate.framework */ = {isa = PBXFileReference; lastKnownFileType = wrapper.framework; name = CheckMate.framework; path = ../../Downloads/CheckMate.framework; sourceTree = "<group>"; };
		8E2F0C6519218BB700F29652 /* Multiply.app */ = {isa = PBXFileReference; explicitFileType = wrapper.application; includeInIndex = 0; path = Multiply.app; sourceTree = BUILT_PRODUCTS_DIR; };
		8E2F0C6819218BB700F29652 /* Foundation.framework */ = {isa = PBXFileReference; lastKnownFileType = wrapper.framework; name = Foundation.framework; path = System/Library/Frameworks/Foundation.framework; sourceTree = SDKROOT; };
		8E2F0C6A19218BB700F29652 /* CoreGraphics.framework */ = {isa = PBXFileReference; lastKnownFileType = wrapper.framework; name = CoreGraphics.framework; path = System/Library/Frameworks/CoreGraphics.framework; sourceTree = SDKROOT; };
		8E2F0C6C19218BB700F29652 /* UIKit.framework */ = {isa = PBXFileReference; lastKnownFileType = wrapper.framework; name = UIKit.framework; path = System/Library/Frameworks/UIKit.framework; sourceTree = SDKROOT; };
		8E2F0C7019218BB700F29652 /* Multiply-Info.plist */ = {isa = PBXFileReference; lastKnownFileType = text.plist.xml; path = "Multiply-Info.plist"; sourceTree = "<group>"; };
		8E2F0C7219218BB700F29652 /* en */ = {isa = PBXFileReference; lastKnownFileType = text.plist.strings; name = en; path = en.lproj/InfoPlist.strings; sourceTree = "<group>"; };
		8E2F0C7419218BB700F29652 /* main.m */ = {isa = PBXFileReference; lastKnownFileType = sourcecode.c.objc; path = main.m; sourceTree = "<group>"; };
		8E2F0C7619218BB700F29652 /* Multiply-Prefix.pch */ = {isa = PBXFileReference; lastKnownFileType = sourcecode.c.h; path = "Multiply-Prefix.pch"; sourceTree = "<group>"; };
		8E2F0C7719218BB700F29652 /* AppDelegate.h */ = {isa = PBXFileReference; lastKnownFileType = sourcecode.c.h; path = AppDelegate.h; sourceTree = "<group>"; };
		8E2F0C7819218BB700F29652 /* AppDelegate.m */ = {isa = PBXFileReference; lastKnownFileType = sourcecode.c.objc; path = AppDelegate.m; sourceTree = "<group>"; };
		8E2F0C7B19218BB700F29652 /* Base */ = {isa = PBXFileReference; lastKnownFileType = file.storyboard; name = Base; path = Base.lproj/Main.storyboard; sourceTree = "<group>"; };
		8E2F0C7D19218BB700F29652 /* ViewController.h */ = {isa = PBXFileReference; lastKnownFileType = sourcecode.c.h; path = ViewController.h; sourceTree = "<group>"; };
		8E2F0C7E19218BB700F29652 /* ViewController.m */ = {isa = PBXFileReference; lastKnownFileType = sourcecode.c.objc; path = ViewController.m; sourceTree = "<group>"; };
		8E2F0C8019218BB700F29652 /* Images.xcassets */ = {isa = PBXFileReference; lastKnownFileType = folder.assetcatalog; path = Images.xcassets; sourceTree = "<group>"; };
		8E2F0C8619218BB700F29652 /* MultiplyTests.xctest */ = {isa = PBXFileReference; explicitFileType = wrapper.cfbundle; includeInIndex = 0; path = MultiplyTests.xctest; sourceTree = BUILT_PRODUCTS_DIR; };
		8E2F0C8719218BB700F29652 /* XCTest.framework */ = {isa = PBXFileReference; lastKnownFileType = wrapper.framework; name = XCTest.framework; path = Library/Frameworks/XCTest.framework; sourceTree = DEVELOPER_DIR; };
		8E2F0C8F19218BB700F29652 /* MultiplyTests-Info.plist */ = {isa = PBXFileReference; lastKnownFileType = text.plist.xml; path = "MultiplyTests-Info.plist"; sourceTree = "<group>"; };
		8E2F0C9119218BB700F29652 /* en */ = {isa = PBXFileReference; lastKnownFileType = text.plist.strings; name = en; path = en.lproj/InfoPlist.strings; sourceTree = "<group>"; };
		8E2F0C9319218BB700F29652 /* MultiplyTests.m */ = {isa = PBXFileReference; lastKnownFileType = sourcecode.c.objc; path = MultiplyTests.m; sourceTree = "<group>"; };
		8E2F0C9D19218C4700F29652 /* CheckMate.framework */ = {isa = PBXFileReference; lastKnownFileType = wrapper.framework; name = CheckMate.framework; path = ../CheckMate.framework; sourceTree = "<group>"; };
/* End PBXFileReference section */

/* Begin PBXFrameworksBuildPhase section */
		8E2F0C6219218BB700F29652 /* Frameworks */ = {
			isa = PBXFrameworksBuildPhase;
			buildActionMask = 2147483647;
			files = (
				2E1734161922625A00E90138 /* CheckMate.framework in Frameworks */,
				8E2F0C9E19218C4700F29652 /* CheckMate.framework in Frameworks */,
				8E2F0C6B19218BB700F29652 /* CoreGraphics.framework in Frameworks */,
				8E2F0C6D19218BB700F29652 /* UIKit.framework in Frameworks */,
				8E2F0C6919218BB700F29652 /* Foundation.framework in Frameworks */,
			);
			runOnlyForDeploymentPostprocessing = 0;
		};
		8E2F0C8319218BB700F29652 /* Frameworks */ = {
			isa = PBXFrameworksBuildPhase;
			buildActionMask = 2147483647;
			files = (
				8E2F0C8819218BB700F29652 /* XCTest.framework in Frameworks */,
				8E2F0C8A19218BB700F29652 /* UIKit.framework in Frameworks */,
				8E2F0C8919218BB700F29652 /* Foundation.framework in Frameworks */,
			);
			runOnlyForDeploymentPostprocessing = 0;
		};
/* End PBXFrameworksBuildPhase section */

/* Begin PBXGroup section */
		8E2F0C5C19218BB600F29652 = {
			isa = PBXGroup;
			children = (
				8E2F0C6E19218BB700F29652 /* Multiply */,
				8E2F0C8D19218BB700F29652 /* MultiplyTests */,
				8E2F0C6719218BB700F29652 /* Frameworks */,
				8E2F0C6619218BB700F29652 /* Products */,
			);
			sourceTree = "<group>";
		};
		8E2F0C6619218BB700F29652 /* Products */ = {
			isa = PBXGroup;
			children = (
				8E2F0C6519218BB700F29652 /* Multiply.app */,
				8E2F0C8619218BB700F29652 /* MultiplyTests.xctest */,
			);
			name = Products;
			sourceTree = "<group>";
		};
		8E2F0C6719218BB700F29652 /* Frameworks */ = {
			isa = PBXGroup;
			children = (
				2E1734151922625A00E90138 /* CheckMate.framework */,
				8E2F0C9D19218C4700F29652 /* CheckMate.framework */,
				8E2F0C6819218BB700F29652 /* Foundation.framework */,
				8E2F0C6A19218BB700F29652 /* CoreGraphics.framework */,
				8E2F0C6C19218BB700F29652 /* UIKit.framework */,
				8E2F0C8719218BB700F29652 /* XCTest.framework */,
			);
			name = Frameworks;
			sourceTree = "<group>";
		};
		8E2F0C6E19218BB700F29652 /* Multiply */ = {
			isa = PBXGroup;
			children = (
				8E2F0C7719218BB700F29652 /* AppDelegate.h */,
				8E2F0C7819218BB700F29652 /* AppDelegate.m */,
				8E2F0C7A19218BB700F29652 /* Main.storyboard */,
				8E2F0C7D19218BB700F29652 /* ViewController.h */,
				8E2F0C7E19218BB700F29652 /* ViewController.m */,
				8E2F0C8019218BB700F29652 /* Images.xcassets */,
				8E2F0C6F19218BB700F29652 /* Supporting Files */,
			);
			path = Multiply;
			sourceTree = "<group>";
		};
		8E2F0C6F19218BB700F29652 /* Supporting Files */ = {
			isa = PBXGroup;
			children = (
				8E2F0C7019218BB700F29652 /* Multiply-Info.plist */,
				8E2F0C7119218BB700F29652 /* InfoPlist.strings */,
				8E2F0C7419218BB700F29652 /* main.m */,
				8E2F0C7619218BB700F29652 /* Multiply-Prefix.pch */,
			);
			name = "Supporting Files";
			sourceTree = "<group>";
		};
		8E2F0C8D19218BB700F29652 /* MultiplyTests */ = {
			isa = PBXGroup;
			children = (
				8E2F0C9319218BB700F29652 /* MultiplyTests.m */,
				8E2F0C8E19218BB700F29652 /* Supporting Files */,
			);
			path = MultiplyTests;
			sourceTree = "<group>";
		};
		8E2F0C8E19218BB700F29652 /* Supporting Files */ = {
			isa = PBXGroup;
			children = (
				8E2F0C8F19218BB700F29652 /* MultiplyTests-Info.plist */,
				8E2F0C9019218BB700F29652 /* InfoPlist.strings */,
			);
			name = "Supporting Files";
			sourceTree = "<group>";
		};
/* End PBXGroup section */

/* Begin PBXNativeTarget section */
		8E2F0C6419218BB700F29652 /* Multiply */ = {
			isa = PBXNativeTarget;
			buildConfigurationList = 8E2F0C9719218BB700F29652 /* Build configuration list for PBXNativeTarget "Multiply" */;
			buildPhases = (
				8E2F0C6119218BB700F29652 /* Sources */,
				8E2F0C6219218BB700F29652 /* Frameworks */,
				8E2F0C6319218BB700F29652 /* Resources */,
			);
			buildRules = (
			);
			dependencies = (
			);
			name = Multiply;
			productName = Multiply;
			productReference = 8E2F0C6519218BB700F29652 /* Multiply.app */;
			productType = "com.apple.product-type.application";
		};
		8E2F0C8519218BB700F29652 /* MultiplyTests */ = {
			isa = PBXNativeTarget;
			buildConfigurationList = 8E2F0C9A19218BB700F29652 /* Build configuration list for PBXNativeTarget "MultiplyTests" */;
			buildPhases = (
				8E2F0C8219218BB700F29652 /* Sources */,
				8E2F0C8319218BB700F29652 /* Frameworks */,
				8E2F0C8419218BB700F29652 /* Resources */,
			);
			buildRules = (
			);
			dependencies = (
				8E2F0C8C19218BB700F29652 /* PBXTargetDependency */,
			);
			name = MultiplyTests;
			productName = MultiplyTests;
			productReference = 8E2F0C8619218BB700F29652 /* MultiplyTests.xctest */;
			productType = "com.apple.product-type.bundle.unit-test";
		};
/* End PBXNativeTarget section */

/* Begin PBXProject section */
		8E2F0C5D19218BB600F29652 /* Project object */ = {
			isa = PBXProject;
			attributes = {
				LastUpgradeCheck = 0510;
				ORGANIZATIONNAME = SapanBhuta;
				TargetAttributes = {
					8E2F0C8519218BB700F29652 = {
						TestTargetID = 8E2F0C6419218BB700F29652;
					};
				};
			};
			buildConfigurationList = 8E2F0C6019218BB600F29652 /* Build configuration list for PBXProject "Multiply" */;
			compatibilityVersion = "Xcode 3.2";
			developmentRegion = English;
			hasScannedForEncodings = 0;
			knownRegions = (
				en,
				Base,
			);
			mainGroup = 8E2F0C5C19218BB600F29652;
			productRefGroup = 8E2F0C6619218BB700F29652 /* Products */;
			projectDirPath = "";
			projectRoot = "";
			targets = (
				8E2F0C6419218BB700F29652 /* Multiply */,
				8E2F0C8519218BB700F29652 /* MultiplyTests */,
			);
		};
/* End PBXProject section */

/* Begin PBXResourcesBuildPhase section */
		8E2F0C6319218BB700F29652 /* Resources */ = {
			isa = PBXResourcesBuildPhase;
			buildActionMask = 2147483647;
			files = (
				8E2F0C8119218BB700F29652 /* Images.xcassets in Resources */,
				8E2F0C7319218BB700F29652 /* InfoPlist.strings in Resources */,
				8E2F0C7C19218BB700F29652 /* Main.storyboard in Resources */,
			);
			runOnlyForDeploymentPostprocessing = 0;
		};
		8E2F0C8419218BB700F29652 /* Resources */ = {
			isa = PBXResourcesBuildPhase;
			buildActionMask = 2147483647;
			files = (
				8E2F0C9219218BB700F29652 /* InfoPlist.strings in Resources */,
			);
			runOnlyForDeploymentPostprocessing = 0;
		};
/* End PBXResourcesBuildPhase section */

/* Begin PBXSourcesBuildPhase section */
		8E2F0C6119218BB700F29652 /* Sources */ = {
			isa = PBXSourcesBuildPhase;
			buildActionMask = 2147483647;
			files = (
				8E2F0C7F19218BB700F29652 /* ViewController.m in Sources */,
				8E2F0C7919218BB700F29652 /* AppDelegate.m in Sources */,
				8E2F0C7519218BB700F29652 /* main.m in Sources */,
			);
			runOnlyForDeploymentPostprocessing = 0;
		};
		8E2F0C8219218BB700F29652 /* Sources */ = {
			isa = PBXSourcesBuildPhase;
			buildActionMask = 2147483647;
			files = (
				8E2F0C9419218BB700F29652 /* MultiplyTests.m in Sources */,
			);
			runOnlyForDeploymentPostprocessing = 0;
		};
/* End PBXSourcesBuildPhase section */

/* Begin PBXTargetDependency section */
		8E2F0C8C19218BB700F29652 /* PBXTargetDependency */ = {
			isa = PBXTargetDependency;
			target = 8E2F0C6419218BB700F29652 /* Multiply */;
			targetProxy = 8E2F0C8B19218BB700F29652 /* PBXContainerItemProxy */;
		};
/* End PBXTargetDependency section */

/* Begin PBXVariantGroup section */
		8E2F0C7119218BB700F29652 /* InfoPlist.strings */ = {
			isa = PBXVariantGroup;
			children = (
				8E2F0C7219218BB700F29652 /* en */,
			);
			name = InfoPlist.strings;
			sourceTree = "<group>";
		};
		8E2F0C7A19218BB700F29652 /* Main.storyboard */ = {
			isa = PBXVariantGroup;
			children = (
				8E2F0C7B19218BB700F29652 /* Base */,
			);
			name = Main.storyboard;
			sourceTree = "<group>";
		};
		8E2F0C9019218BB700F29652 /* InfoPlist.strings */ = {
			isa = PBXVariantGroup;
			children = (
				8E2F0C9119218BB700F29652 /* en */,
			);
			name = InfoPlist.strings;
			sourceTree = "<group>";
		};
/* End PBXVariantGroup section */

/* Begin XCBuildConfiguration section */
		8E2F0C9519218BB700F29652 /* Debug */ = {
			isa = XCBuildConfiguration;
			buildSettings = {
				ALWAYS_SEARCH_USER_PATHS = NO;
				CLANG_CXX_LANGUAGE_STANDARD = "gnu++0x";
				CLANG_CXX_LIBRARY = "libc++";
				CLANG_ENABLE_MODULES = YES;
				CLANG_ENABLE_OBJC_ARC = YES;
				CLANG_WARN_BOOL_CONVERSION = YES;
				CLANG_WARN_CONSTANT_CONVERSION = YES;
				CLANG_WARN_DIRECT_OBJC_ISA_USAGE = YES_ERROR;
				CLANG_WARN_EMPTY_BODY = YES;
				CLANG_WARN_ENUM_CONVERSION = YES;
				CLANG_WARN_INT_CONVERSION = YES;
				CLANG_WARN_OBJC_ROOT_CLASS = YES_ERROR;
				CLANG_WARN__DUPLICATE_METHOD_MATCH = YES;
				"CODE_SIGN_IDENTITY[sdk=iphoneos*]" = "iPhone Developer";
				COPY_PHASE_STRIP = NO;
				GCC_C_LANGUAGE_STANDARD = gnu99;
				GCC_DYNAMIC_NO_PIC = NO;
				GCC_OPTIMIZATION_LEVEL = 0;
				GCC_PREPROCESSOR_DEFINITIONS = (
					"DEBUG=1",
					"$(inherited)",
				);
				GCC_SYMBOLS_PRIVATE_EXTERN = NO;
				GCC_WARN_64_TO_32_BIT_CONVERSION = YES;
				GCC_WARN_ABOUT_RETURN_TYPE = YES_ERROR;
				GCC_WARN_UNDECLARED_SELECTOR = YES;
				GCC_WARN_UNINITIALIZED_AUTOS = YES_AGGRESSIVE;
				GCC_WARN_UNUSED_FUNCTION = YES;
				GCC_WARN_UNUSED_VARIABLE = YES;
				IPHONEOS_DEPLOYMENT_TARGET = 7.1;
				ONLY_ACTIVE_ARCH = YES;
				SDKROOT = iphoneos;
			};
			name = Debug;
		};
		8E2F0C9619218BB700F29652 /* Release */ = {
			isa = XCBuildConfiguration;
			buildSettings = {
				ALWAYS_SEARCH_USER_PATHS = NO;
				CLANG_CXX_LANGUAGE_STANDARD = "gnu++0x";
				CLANG_CXX_LIBRARY = "libc++";
				CLANG_ENABLE_MODULES = YES;
				CLANG_ENABLE_OBJC_ARC = YES;
				CLANG_WARN_BOOL_CONVERSION = YES;
				CLANG_WARN_CONSTANT_CONVERSION = YES;
				CLANG_WARN_DIRECT_OBJC_ISA_USAGE = YES_ERROR;
				CLANG_WARN_EMPTY_BODY = YES;
				CLANG_WARN_ENUM_CONVERSION = YES;
				CLANG_WARN_INT_CONVERSION = YES;
				CLANG_WARN_OBJC_ROOT_CLASS = YES_ERROR;
				CLANG_WARN__DUPLICATE_METHOD_MATCH = YES;
				"CODE_SIGN_IDENTITY[sdk=iphoneos*]" = "iPhone Developer";
				COPY_PHASE_STRIP = YES;
				ENABLE_NS_ASSERTIONS = NO;
				GCC_C_LANGUAGE_STANDARD = gnu99;
				GCC_WARN_64_TO_32_BIT_CONVERSION = YES;
				GCC_WARN_ABOUT_RETURN_TYPE = YES_ERROR;
				GCC_WARN_UNDECLARED_SELECTOR = YES;
				GCC_WARN_UNINITIALIZED_AUTOS = YES_AGGRESSIVE;
				GCC_WARN_UNUSED_FUNCTION = YES;
				GCC_WARN_UNUSED_VARIABLE = YES;
				IPHONEOS_DEPLOYMENT_TARGET = 7.1;
				SDKROOT = iphoneos;
				VALIDATE_PRODUCT = YES;
			};
			name = Release;
		};
		8E2F0C9819218BB700F29652 /* Debug */ = {
			isa = XCBuildConfiguration;
			buildSettings = {
				ASSETCATALOG_COMPILER_APPICON_NAME = AppIcon;
				ASSETCATALOG_COMPILER_LAUNCHIMAGE_NAME = LaunchImage;
				FRAMEWORK_SEARCH_PATHS = (
					"$(inherited)",
					/Users/sapanbhuta/Dropbox/Development,
					/Users/kristen.fisher/Downloads,
				);
				GCC_PRECOMPILE_PREFIX_HEADER = YES;
				GCC_PREFIX_HEADER = "Multiply/Multiply-Prefix.pch";
				INFOPLIST_FILE = "Multiply/Multiply-Info.plist";
				PRODUCT_NAME = "$(TARGET_NAME)";
				WRAPPER_EXTENSION = app;
			};
			name = Debug;
		};
		8E2F0C9919218BB700F29652 /* Release */ = {
			isa = XCBuildConfiguration;
			buildSettings = {
				ASSETCATALOG_COMPILER_APPICON_NAME = AppIcon;
				ASSETCATALOG_COMPILER_LAUNCHIMAGE_NAME = LaunchImage;
				FRAMEWORK_SEARCH_PATHS = (
					"$(inherited)",
					/Users/sapanbhuta/Dropbox/Development,
					/Users/kristen.fisher/Downloads,
				);
				GCC_PRECOMPILE_PREFIX_HEADER = YES;
				GCC_PREFIX_HEADER = "Multiply/Multiply-Prefix.pch";
				INFOPLIST_FILE = "Multiply/Multiply-Info.plist";
				PRODUCT_NAME = "$(TARGET_NAME)";
				WRAPPER_EXTENSION = app;
			};
			name = Release;
		};
		8E2F0C9B19218BB700F29652 /* Debug */ = {
			isa = XCBuildConfiguration;
			buildSettings = {
				BUNDLE_LOADER = "$(BUILT_PRODUCTS_DIR)/Multiply.app/Multiply";
				FRAMEWORK_SEARCH_PATHS = (
					"$(SDKROOT)/Developer/Library/Frameworks",
					"$(inherited)",
					"$(DEVELOPER_FRAMEWORKS_DIR)",
				);
				GCC_PRECOMPILE_PREFIX_HEADER = YES;
				GCC_PREFIX_HEADER = "Multiply/Multiply-Prefix.pch";
				GCC_PREPROCESSOR_DEFINITIONS = (
					"DEBUG=1",
					"$(inherited)",
				);
				INFOPLIST_FILE = "MultiplyTests/MultiplyTests-Info.plist";
				PRODUCT_NAME = "$(TARGET_NAME)";
				TEST_HOST = "$(BUNDLE_LOADER)";
				WRAPPER_EXTENSION = xctest;
			};
			name = Debug;
		};
		8E2F0C9C19218BB700F29652 /* Release */ = {
			isa = XCBuildConfiguration;
			buildSettings = {
				BUNDLE_LOADER = "$(BUILT_PRODUCTS_DIR)/Multiply.app/Multiply";
				FRAMEWORK_SEARCH_PATHS = (
					"$(SDKROOT)/Developer/Library/Frameworks",
					"$(inherited)",
					"$(DEVELOPER_FRAMEWORKS_DIR)",
				);
				GCC_PRECOMPILE_PREFIX_HEADER = YES;
				GCC_PREFIX_HEADER = "Multiply/Multiply-Prefix.pch";
				INFOPLIST_FILE = "MultiplyTests/MultiplyTests-Info.plist";
				PRODUCT_NAME = "$(TARGET_NAME)";
				TEST_HOST = "$(BUNDLE_LOADER)";
				WRAPPER_EXTENSION = xctest;
			};
			name = Release;
		};
/* End XCBuildConfiguration section */

/* Begin XCConfigurationList section */
		8E2F0C6019218BB600F29652 /* Build configuration list for PBXProject "Multiply" */ = {
			isa = XCConfigurationList;
			buildConfigurations = (
				8E2F0C9519218BB700F29652 /* Debug */,
				8E2F0C9619218BB700F29652 /* Release */,
			);
			defaultConfigurationIsVisible = 0;
			defaultConfigurationName = Release;
		};
		8E2F0C9719218BB700F29652 /* Build configuration list for PBXNativeTarget "Multiply" */ = {
			isa = XCConfigurationList;
			buildConfigurations = (
				8E2F0C9819218BB700F29652 /* Debug */,
				8E2F0C9919218BB700F29652 /* Release */,
			);
			defaultConfigurationIsVisible = 0;
			defaultConfigurationName = Release;
		};
		8E2F0C9A19218BB700F29652 /* Build configuration list for PBXNativeTarget "MultiplyTests" */ = {
			isa = XCConfigurationList;
			buildConfigurations = (
				8E2F0C9B19218BB700F29652 /* Debug */,
				8E2F0C9C19218BB700F29652 /* Release */,
			);
			defaultConfigurationIsVisible = 0;
			defaultConfigurationName = Release;
		};
/* End XCConfigurationList section */
	};
	rootObject = 8E2F0C5D19218BB600F29652 /* Project object */;
}
